
Microsoft Visual Studio Solution File, Format Version 12.00
# Visual Studio 15
VisualStudioVersion = 15.0.28307.168
MinimumVisualStudioVersion = 10.0.40219.1
Project("{FAE04EC0-301F-11D3-BF4B-00C04F79EFBC}") = "Ne_kazino_vulkan", "Ne_kazino_vulkan\Ne_kazino_vulkan.csproj", "{0EF58940-DF03-42EB-BAE8-EA6B790BC5E7}"
EndProject
Global
	GlobalSection(SolutionConfigurationPlatforms) = preSolution
		Debug|Any CPU = Debug|Any CPU
		Release|Any CPU = Release|Any CPU
	EndGlobalSection
	GlobalSection(ProjectConfigurationPlatforms) = postSolution
		{0EF58940-DF03-42EB-BAE8-EA6B790BC5E7}.Debug|Any CPU.ActiveCfg = Debug|Any CPU
		{0EF58940-DF03-42EB-BAE8-EA6B790BC5E7}.Debug|Any CPU.Build.0 = Debug|Any CPU
		{0EF58940-DF03-42EB-BAE8-EA6B790BC5E7}.Release|Any CPU.ActiveCfg = Release|Any CPU
		{0EF58940-DF03-42EB-BAE8-EA6B790BC5E7}.Release|Any CPU.Build.0 = Release|Any CPU
	EndGlobalSection
	GlobalSection(SolutionProperties) = preSolution
		HideSolutionNode = FALSE
	EndGlobalSection
	GlobalSection(ExtensibilityGlobals) = postSolution
		SolutionGuid = {BFB112C1-50ED-4380-98D2-2D213DEDACEB}
	EndGlobalSection
EndGlobal
